
Microsoft Visual Studio Solution File, Format Version 12.00
# Visual Studio 15
VisualStudioVersion = 15.0.26403.7
MinimumVisualStudioVersion = 10.0.40219.1
Project("{FAE04EC0-301F-11D3-BF4B-00C04F79EFBC}") = "CryostatControlClient", "CryostatControlClient\CryostatControlClient.csproj", "{F38C304B-B06B-46CA-A267-7C27328C9033}"
EndProject
Project("{FAE04EC0-301F-11D3-BF4B-00C04F79EFBC}") = "CryostatControlServer", "CryostatControlServer\CryostatControlServer.csproj", "{4724405F-6333-4320-9896-8AAAC233293A}"
EndProject
Global
	GlobalSection(SolutionConfigurationPlatforms) = preSolution
		Debug|Any CPU = Debug|Any CPU
		Release|Any CPU = Release|Any CPU
	EndGlobalSection
	GlobalSection(ProjectConfigurationPlatforms) = postSolution
		{F38C304B-B06B-46CA-A267-7C27328C9033}.Debug|Any CPU.ActiveCfg = Debug|Any CPU
		{F38C304B-B06B-46CA-A267-7C27328C9033}.Debug|Any CPU.Build.0 = Debug|Any CPU
		{F38C304B-B06B-46CA-A267-7C27328C9033}.Release|Any CPU.ActiveCfg = Release|Any CPU
		{F38C304B-B06B-46CA-A267-7C27328C9033}.Release|Any CPU.Build.0 = Release|Any CPU
		{4724405F-6333-4320-9896-8AAAC233293A}.Debug|Any CPU.ActiveCfg = Debug|Any CPU
		{4724405F-6333-4320-9896-8AAAC233293A}.Debug|Any CPU.Build.0 = Debug|Any CPU
		{4724405F-6333-4320-9896-8AAAC233293A}.Release|Any CPU.ActiveCfg = Release|Any CPU
		{4724405F-6333-4320-9896-8AAAC233293A}.Release|Any CPU.Build.0 = Release|Any CPU
	EndGlobalSection
	GlobalSection(SolutionProperties) = preSolution
		HideSolutionNode = FALSE
	EndGlobalSection
EndGlobal
